
Microsoft Visual Studio Solution File, Format Version 12.00
# Visual Studio 15
VisualStudioVersion = 15.0.27130.2024
MinimumVisualStudioVersion = 10.0.40219.1
Project("{FAE04EC0-301F-11D3-BF4B-00C04F79EFBC}") = "Bridge", "Bridge\Bridge.csproj", "{920A7457-B462-412D-B673-925C3BF1378E}"
EndProject
Global
	GlobalSection(SolutionConfigurationPlatforms) = preSolution
		Debug|Any CPU = Debug|Any CPU
		Release|Any CPU = Release|Any CPU
	EndGlobalSection
	GlobalSection(ProjectConfigurationPlatforms) = postSolution
		{920A7457-B462-412D-B673-925C3BF1378E}.Debug|Any CPU.ActiveCfg = Debug|Any CPU
		{920A7457-B462-412D-B673-925C3BF1378E}.Debug|Any CPU.Build.0 = Debug|Any CPU
		{920A7457-B462-412D-B673-925C3BF1378E}.Release|Any CPU.ActiveCfg = Release|Any CPU
		{920A7457-B462-412D-B673-925C3BF1378E}.Release|Any CPU.Build.0 = Release|Any CPU
	EndGlobalSection
	GlobalSection(SolutionProperties) = preSolution
		HideSolutionNode = FALSE
	EndGlobalSection
	GlobalSection(ExtensibilityGlobals) = postSolution
		SolutionGuid = {6868EF4F-BBB5-44E0-9B73-A6F66FE79A67}
	EndGlobalSection
EndGlobal
